{
  "name": "@typedarray/chrome",
  "version": "1.0.1",
  "lockfileVersion": 2,
  "requires": true,
  "packages": {
    "": {
      "name": "@typedarray/chrome",
      "version": "1.0.1",
      "license": "MIT",
      "bin": {
        "chrome": "dist/index.js"
      },
      "devDependencies": {
        "chrome-launcher": "^0.14.0"
      }
    },
    "node_modules/@types/node": {
      "version": "18.11.18",
      "resolved": "https://registry.npmmirror.com/@types/node/-/node-18.11.18.tgz",
      "integrity": "sha512-DHQpWGjyQKSHj3ebjFI/wRKcqQcdR+MoFBygntYOZytCqNfkd2ZC4ARDJ2DQqhjH5p85Nnd3jhUJIXrszFX/JA==",
      "dev": true
    },
    "node_modules/chrome-launcher": {
      "version": "0.14.2",
      "resolved": "https://registry.npmmirror.com/chrome-launcher/-/chrome-launcher-0.14.2.tgz",
      "integrity": "sha512-Nk8DUCIfPR6p9WClPPFeP2ztpAdkT8xueoiDS03csea1uoJjm4w0p5Oy1hjykyjT1EQ0MMrEshLD3C8gHXyiZw==",
      "dev": true,
      "dependencies": {
        "@types/node": "*",
        "escape-string-regexp": "^4.0.0",
        "is-wsl": "^2.2.0",
        "lighthouse-logger": "^1.0.0"
      },
      "engines": {
        "node": ">=12.13.0"
      }
    },
    "node_modules/debug": {
      "version": "2.6.9",
      "resolved": "https://registry.npmmirror.com/debug/-/debug-2.6.9.tgz",
      "integrity": "sha512-bC7ElrdJaJnPbAP+1EotYvqZsb3ecl5wi6Bfi6BJTUcNowp6cvspg0jXznRTKDjm/E7AdgFBVeAPVMNcKGsHMA==",
      "dev": true,
      "dependencies": {
        "ms": "2.0.0"
      }
    },
    "node_modules/escape-string-regexp": {
      "version": "4.0.0",
      "resolved": "https://registry.npmmirror.com/escape-string-regexp/-/escape-string-regexp-4.0.0.tgz",
      "integrity": "sha512-TtpcNJ3XAzx3Gq8sWRzJaVajRs0uVxA2YAkdb1jm2YkPz4G6egUFAyA3n5vtEIZefPk5Wa4UXbKuS5fKkJWdgA==",
      "dev": true,
      "engines": {
        "node": ">=10"
      }
    },
    "node_modules/is-docker": {
      "version": "2.2.1",
      "resolved": "https://registry.npmmirror.com/is-docker/-/is-docker-2.2.1.tgz",
      "integrity": "sha512-F+i2BKsFrH66iaUFc0woD8sLy8getkwTwtOBjvs56Cx4CgJDeKQeqfz8wAYiSb8JOprWhHH5p77PbmYCvvUuXQ==",
      "dev": true,
      "bin": {
        "is-docker": "cli.js"
      },
      "engines": {
        "node": ">=8"
      }
    },
    "node_modules/is-wsl": {
      "version": "2.2.0",
      "resolved": "https://registry.npmmirror.com/is-wsl/-/is-wsl-2.2.0.tgz",
      "integrity": "sha512-fKzAra0rGJUUBwGBgNkHZuToZcn+TtXHpeCgmkMJMMYx1sQDYaCSyjJBSCa2nH1DGm7s3n1oBnohoVTBaN7Lww==",
      "dev": true,
      "dependencies": {
        "is-docker": "^2.0.0"
      },
      "engines": {
        "node": ">=8"
      }
    },
    "node_modules/lighthouse-logger": {
      "version": "1.3.0",
      "resolved": "https://registry.npmmirror.com/lighthouse-logger/-/lighthouse-logger-1.3.0.tgz",
      "integrity": "sha512-BbqAKApLb9ywUli+0a+PcV04SyJ/N1q/8qgCNe6U97KbPCS1BTksEuHFLYdvc8DltuhfxIUBqDZsC0bBGtl3lA==",
      "dev": true,
      "dependencies": {
        "debug": "^2.6.9",
        "marky": "^1.2.2"
      }
    },
    "node_modules/marky": {
      "version": "1.2.5",
      "resolved": "https://registry.npmmirror.com/marky/-/marky-1.2.5.tgz",
      "integrity": "sha512-q9JtQJKjpsVxCRVgQ+WapguSbKC3SQ5HEzFGPAJMStgh3QjCawp00UKv3MTTAArTmGmmPUvllHZoNbZ3gs0I+Q==",
      "dev": true
    },
    "node_modules/ms": {
      "version": "2.0.0",
      "resolved": "https://registry.npmmirror.com/ms/-/ms-2.0.0.tgz",
      "integrity": "sha512-Tpp60P6IUJDTuOq/5Z8cdskzJujfwqfOTkrwIwj7IRISpnkJnT6SyJ4PCPnGMoFjC9ddhal5KVIYtAt97ix05A==",
      "dev": true
    }
  },
  "dependencies": {
    "@types/node": {
      "version": "18.11.18",
      "resolved": "https://registry.npmmirror.com/@types/node/-/node-18.11.18.tgz",
      "integrity": "sha512-DHQpWGjyQKSHj3ebjFI/wRKcqQcdR+MoFBygntYOZytCqNfkd2ZC4ARDJ2DQqhjH5p85Nnd3jhUJIXrszFX/JA==",
      "dev": true
    },
    "chrome-launcher": {
      "version": "0.14.2",
      "resolved": "https://registry.npmmirror.com/chrome-launcher/-/chrome-launcher-0.14.2.tgz",
      "integrity": "sha512-Nk8DUCIfPR6p9WClPPFeP2ztpAdkT8xueoiDS03csea1uoJjm4w0p5Oy1hjykyjT1EQ0MMrEshLD3C8gHXyiZw==",
      "dev": true,
      "requires": {
        "@types/node": "*",
        "escape-string-regexp": "^4.0.0",
        "is-wsl": "^2.2.0",
        "lighthouse-logger": "^1.0.0"
      }
    },
    "debug": {
      "version": "2.6.9",
      "resolved": "https://registry.npmmirror.com/debug/-/debug-2.6.9.tgz",
      "integrity": "sha512-bC7ElrdJaJnPbAP+1EotYvqZsb3ecl5wi6Bfi6BJTUcNowp6cvspg0jXznRTKDjm/E7AdgFBVeAPVMNcKGsHMA==",
      "dev": true,
      "requires": {
        "ms": "2.0.0"
      }
    },
    "escape-string-regexp": {
      "version": "4.0.0",
      "resolved": "https://registry.npmmirror.com/escape-string-regexp/-/escape-string-regexp-4.0.0.tgz",
      "integrity": "sha512-TtpcNJ3XAzx3Gq8sWRzJaVajRs0uVxA2YAkdb1jm2YkPz4G6egUFAyA3n5vtEIZefPk5Wa4UXbKuS5fKkJWdgA==",
      "dev": true
    },
    "is-docker": {
      "version": "2.2.1",
      "resolved": "https://registry.npmmirror.com/is-docker/-/is-docker-2.2.1.tgz",
      "integrity": "sha512-F+i2BKsFrH66iaUFc0woD8sLy8getkwTwtOBjvs56Cx4CgJDeKQeqfz8wAYiSb8JOprWhHH5p77PbmYCvvUuXQ==",
      "dev": true
    },
    "is-wsl": {
      "version": "2.2.0",
      "resolved": "https://registry.npmmirror.com/is-wsl/-/is-wsl-2.2.0.tgz",
      "integrity": "sha512-fKzAra0rGJUUBwGBgNkHZuToZcn+TtXHpeCgmkMJMMYx1sQDYaCSyjJBSCa2nH1DGm7s3n1oBnohoVTBaN7Lww==",
      "dev": true,
      "requires": {
        "is-docker": "^2.0.0"
      }
    },
    "lighthouse-logger": {
      "version": "1.3.0",
      "resolved": "https://registry.npmmirror.com/lighthouse-logger/-/lighthouse-logger-1.3.0.tgz",
      "integrity": "sha512-BbqAKApLb9ywUli+0a+PcV04SyJ/N1q/8qgCNe6U97KbPCS1BTksEuHFLYdvc8DltuhfxIUBqDZsC0bBGtl3lA==",
      "dev": true,
      "requires": {
        "debug": "^2.6.9",
        "marky": "^1.2.2"
      }
    },
    "marky": {
      "version": "1.2.5",
      "resolved": "https://registry.npmmirror.com/marky/-/marky-1.2.5.tgz",
      "integrity": "sha512-q9JtQJKjpsVxCRVgQ+WapguSbKC3SQ5HEzFGPAJMStgh3QjCawp00UKv3MTTAArTmGmmPUvllHZoNbZ3gs0I+Q==",
      "dev": true
    },
    "ms": {
      "version": "2.0.0",
      "resolved": "https://registry.npmmirror.com/ms/-/ms-2.0.0.tgz",
      "integrity": "sha512-Tpp60P6IUJDTuOq/5Z8cdskzJujfwqfOTkrwIwj7IRISpnkJnT6SyJ4PCPnGMoFjC9ddhal5KVIYtAt97ix05A==",
      "dev": true
    }
  }
}
